// !$*UTF8*$!
{
	archiveVersion = 1;
	classes = {
	};
	objectVersion = 55;
	objects = {

/* Begin PBXBuildFile section */
		B530F56A2733CD5B00E322F1 /* SwiftUITestApp.swift in Sources */ = {isa = PBXBuildFile; fileRef = B530F5692733CD5B00E322F1 /* SwiftUITestApp.swift */; };
		B530F56C2733CD5B00E322F1 /* ContentView.swift in Sources */ = {isa = PBXBuildFile; fileRef = B530F56B2733CD5B00E322F1 /* ContentView.swift */; };
		B530F56E2733CD5C00E322F1 /* Assets.xcassets in Resources */ = {isa = PBXBuildFile; fileRef = B530F56D2733CD5C00E322F1 /* Assets.xcassets */; };
		B530F5712733CD5C00E322F1 /* Preview Assets.xcassets in Resources */ = {isa = PBXBuildFile; fileRef = B530F5702733CD5C00E322F1 /* Preview Assets.xcassets */; };
		B5B2459B274DEB88007D29F2 /* v6.MP4 in Resources */ = {isa = PBXBuildFile; fileRef = B5B24595274DEB88007D29F2 /* v6.MP4 */; };
		B5B2459C274DEB88007D29F2 /* v4.MP4 in Resources */ = {isa = PBXBuildFile; fileRef = B5B24596274DEB88007D29F2 /* v4.MP4 */; };
		B5B2459D274DEB88007D29F2 /* v5.MP4 in Resources */ = {isa = PBXBuildFile; fileRef = B5B24597274DEB88007D29F2 /* v5.MP4 */; };
		B5B2459E274DEB88007D29F2 /* v2.MP4 in Resources */ = {isa = PBXBuildFile; fileRef = B5B24598274DEB88007D29F2 /* v2.MP4 */; };
		B5B2459F274DEB88007D29F2 /* v3.MP4 in Resources */ = {isa = PBXBuildFile; fileRef = B5B24599274DEB88007D29F2 /* v3.MP4 */; };
		B5B245A0274DEB88007D29F2 /* v1.MP4 in Resources */ = {isa = PBXBuildFile; fileRef = B5B2459A274DEB88007D29F2 /* v1.MP4 */; };
/* End PBXBuildFile section */

/* Begin PBXFileReference section */
		B530F5662733CD5B00E322F1 /* KnockOffTikTok.app */ = {isa = PBXFileReference; explicitFileType = wrapper.application; includeInIndex = 0; path = KnockOffTikTok.app; sourceTree = BUILT_PRODUCTS_DIR; };
		B530F5692733CD5B00E322F1 /* SwiftUITestApp.swift */ = {isa = PBXFileReference; lastKnownFileType = sourcecode.swift; path = SwiftUITestApp.swift; sourceTree = "<group>"; };
		B530F56B2733CD5B00E322F1 /* ContentView.swift */ = {isa = PBXFileReference; lastKnownFileType = sourcecode.swift; path = ContentView.swift; sourceTree = "<group>"; };
		B530F56D2733CD5C00E322F1 /* Assets.xcassets */ = {isa = PBXFileReference; lastKnownFileType = folder.assetcatalog; path = Assets.xcassets; sourceTree = "<group>"; };
		B530F5702733CD5C00E322F1 /* Preview Assets.xcassets */ = {isa = PBXFileReference; lastKnownFileType = folder.assetcatalog; path = "Preview Assets.xcassets"; sourceTree = "<group>"; };
		B5B24595274DEB88007D29F2 /* v6.MP4 */ = {isa = PBXFileReference; lastKnownFileType = file; path = v6.MP4; sourceTree = "<group>"; };
		B5B24596274DEB88007D29F2 /* v4.MP4 */ = {isa = PBXFileReference; lastKnownFileType = file; path = v4.MP4; sourceTree = "<group>"; };
		B5B24597274DEB88007D29F2 /* v5.MP4 */ = {isa = PBXFileReference; lastKnownFileType = file; path = v5.MP4; sourceTree = "<group>"; };
		B5B24598274DEB88007D29F2 /* v2.MP4 */ = {isa = PBXFileReference; lastKnownFileType = file; path = v2.MP4; sourceTree = "<group>"; };
		B5B24599274DEB88007D29F2 /* v3.MP4 */ = {isa = PBXFileReference; lastKnownFileType = file; path = v3.MP4; sourceTree = "<group>"; };
		B5B2459A274DEB88007D29F2 /* v1.MP4 */ = {isa = PBXFileReference; lastKnownFileType = file; path = v1.MP4; sourceTree = "<group>"; };
/* End PBXFileReference section */

/* Begin PBXFrameworksBuildPhase section */
		B530F5632733CD5B00E322F1 /* Frameworks */ = {
			isa = PBXFrameworksBuildPhase;
			buildActionMask = 2147483647;
			files = (
			);
			runOnlyForDeploymentPostprocessing = 0;
		};
/* End PBXFrameworksBuildPhase section */

/* Begin PBXGroup section */
		B530F55D2733CD5B00E322F1 = {
			isa = PBXGroup;
			children = (
				B530F5682733CD5B00E322F1 /* SwiftUITest */,
				B530F5672733CD5B00E322F1 /* Products */,
			);
			sourceTree = "<group>";
		};
		B530F5672733CD5B00E322F1 /* Products */ = {
			isa = PBXGroup;
			children = (
				B530F5662733CD5B00E322F1 /* KnockOffTikTok.app */,
			);
			name = Products;
			sourceTree = "<group>";
		};
		B530F5682733CD5B00E322F1 /* SwiftUITest */ = {
			isa = PBXGroup;
			children = (
				B5B24594274DEB47007D29F2 /* Videos */,
				B530F5692733CD5B00E322F1 /* SwiftUITestApp.swift */,
				B530F56B2733CD5B00E322F1 /* ContentView.swift */,
				B530F56D2733CD5C00E322F1 /* Assets.xcassets */,
				B530F56F2733CD5C00E322F1 /* Preview Content */,
			);
			path = SwiftUITest;
			sourceTree = "<group>";
		};
		B530F56F2733CD5C00E322F1 /* Preview Content */ = {
			isa = PBXGroup;
			children = (
				B530F5702733CD5C00E322F1 /* Preview Assets.xcassets */,
			);
			path = "Preview Content";
			sourceTree = "<group>";
		};
		B5B24594274DEB47007D29F2 /* Videos */ = {
			isa = PBXGroup;
			children = (
				B5B2459A274DEB88007D29F2 /* v1.MP4 */,
				B5B24598274DEB88007D29F2 /* v2.MP4 */,
				B5B24599274DEB88007D29F2 /* v3.MP4 */,
				B5B24596274DEB88007D29F2 /* v4.MP4 */,
				B5B24597274DEB88007D29F2 /* v5.MP4 */,
				B5B24595274DEB88007D29F2 /* v6.MP4 */,
			);
			path = Videos;
			sourceTree = "<group>";
		};
/* End PBXGroup section */

/* Begin PBXNativeTarget section */
		B530F5652733CD5B00E322F1 /* SwiftUITest */ = {
			isa = PBXNativeTarget;
			buildConfigurationList = B530F5742733CD5C00E322F1 /* Build configuration list for PBXNativeTarget "SwiftUITest" */;
			buildPhases = (
				B530F5622733CD5B00E322F1 /* Sources */,
				B530F5632733CD5B00E322F1 /* Frameworks */,
				B530F5642733CD5B00E322F1 /* Resources */,
			);
			buildRules = (
			);
			dependencies = (
			);
			name = SwiftUITest;
			productName = SwiftUITest;
			productReference = B530F5662733CD5B00E322F1 /* KnockOffTikTok.app */;
			productType = "com.apple.product-type.application";
		};
/* End PBXNativeTarget section */

/* Begin PBXProject section */
		B530F55E2733CD5B00E322F1 /* Project object */ = {
			isa = PBXProject;
			attributes = {
				BuildIndependentTargetsInParallel = 1;
				LastSwiftUpdateCheck = 1320;
				LastUpgradeCheck = 1320;
				TargetAttributes = {
					B530F5652733CD5B00E322F1 = {
						CreatedOnToolsVersion = 13.2;
					};
				};
			};
			buildConfigurationList = B530F5612733CD5B00E322F1 /* Build configuration list for PBXProject "SwiftUITest" */;
			compatibilityVersion = "Xcode 13.0";
			developmentRegion = en;
			hasScannedForEncodings = 0;
			knownRegions = (
				en,
				Base,
			);
			mainGroup = B530F55D2733CD5B00E322F1;
			productRefGroup = B530F5672733CD5B00E322F1 /* Products */;
			projectDirPath = "";
			projectRoot = "";
			targets = (
				B530F5652733CD5B00E322F1 /* SwiftUITest */,
			);
		};
/* End PBXProject section */

/* Begin PBXResourcesBuildPhase section */
		B530F5642733CD5B00E322F1 /* Resources */ = {
			isa = PBXResourcesBuildPhase;
			buildActionMask = 2147483647;
			files = (
				B5B2459D274DEB88007D29F2 /* v5.MP4 in Resources */,
				B530F5712733CD5C00E322F1 /* Preview Assets.xcassets in Resources */,
				B5B2459B274DEB88007D29F2 /* v6.MP4 in Resources */,
				B530F56E2733CD5C00E322F1 /* Assets.xcassets in Resources */,
				B5B245A0274DEB88007D29F2 /* v1.MP4 in Resources */,
				B5B2459F274DEB88007D29F2 /* v3.MP4 in Resources */,
				B5B2459C274DEB88007D29F2 /* v4.MP4 in Resources */,
				B5B2459E274DEB88007D29F2 /* v2.MP4 in Resources */,
			);
			runOnlyForDeploymentPostprocessing = 0;
		};
/* End PBXResourcesBuildPhase section */

/* Begin PBXSourcesBuildPhase section */
		B530F5622733CD5B00E322F1 /* Sources */ = {
			isa = PBXSourcesBuildPhase;
			buildActionMask = 2147483647;
			files = (
				B530F56C2733CD5B00E322F1 /* ContentView.swift in Sources */,
				B530F56A2733CD5B00E322F1 /* SwiftUITestApp.swift in Sources */,
			);
			runOnlyForDeploymentPostprocessing = 0;
		};
/* End PBXSourcesBuildPhase section */

/* Begin XCBuildConfiguration section */
		B530F5722733CD5C00E322F1 /* Debug */ = {
			isa = XCBuildConfiguration;
			buildSettings = {
				ALWAYS_SEARCH_USER_PATHS = NO;
				CLANG_ANALYZER_NONNULL = YES;
				CLANG_ANALYZER_NUMBER_OBJECT_CONVERSION = YES_AGGRESSIVE;
				CLANG_CXX_LANGUAGE_STANDARD = "gnu++17";
				CLANG_CXX_LIBRARY = "libc++";
				CLANG_ENABLE_MODULES = YES;
				CLANG_ENABLE_OBJC_ARC = YES;
				CLANG_ENABLE_OBJC_WEAK = YES;
				CLANG_WARN_BLOCK_CAPTURE_AUTORELEASING = YES;
				CLANG_WARN_BOOL_CONVERSION = YES;
				CLANG_WARN_COMMA = YES;
				CLANG_WARN_CONSTANT_CONVERSION = YES;
				CLANG_WARN_DEPRECATED_OBJC_IMPLEMENTATIONS = YES;
				CLANG_WARN_DIRECT_OBJC_ISA_USAGE = YES_ERROR;
				CLANG_WARN_DOCUMENTATION_COMMENTS = YES;
				CLANG_WARN_EMPTY_BODY = YES;
				CLANG_WARN_ENUM_CONVERSION = YES;
				CLANG_WARN_INFINITE_RECURSION = YES;
				CLANG_WARN_INT_CONVERSION = YES;
				CLANG_WARN_NON_LITERAL_NULL_CONVERSION = YES;
				CLANG_WARN_OBJC_IMPLICIT_RETAIN_SELF = YES;
				CLANG_WARN_OBJC_LITERAL_CONVERSION = YES;
				CLANG_WARN_OBJC_ROOT_CLASS = YES_ERROR;
				CLANG_WARN_QUOTED_INCLUDE_IN_FRAMEWORK_HEADER = YES;
				CLANG_WARN_RANGE_LOOP_ANALYSIS = YES;
				CLANG_WARN_STRICT_PROTOTYPES = YES;
				CLANG_WARN_SUSPICIOUS_MOVE = YES;
				CLANG_WARN_UNGUARDED_AVAILABILITY = YES_AGGRESSIVE;
				CLANG_WARN_UNREACHABLE_CODE = YES;
				CLANG_WARN__DUPLICATE_METHOD_MATCH = YES;
				COPY_PHASE_STRIP = NO;
				DEBUG_INFORMATION_FORMAT = dwarf;
				ENABLE_STRICT_OBJC_MSGSEND = YES;
				ENABLE_TESTABILITY = YES;
				GCC_C_LANGUAGE_STANDARD = gnu11;
				GCC_DYNAMIC_NO_PIC = NO;
				GCC_NO_COMMON_BLOCKS = YES;
				GCC_OPTIMIZATION_LEVEL = 0;
				GCC_PREPROCESSOR_DEFINITIONS = (
					"DEBUG=1",
					"$(inherited)",
				);
				GCC_WARN_64_TO_32_BIT_CONVERSION = YES;
				GCC_WARN_ABOUT_RETURN_TYPE = YES_ERROR;
				GCC_WARN_UNDECLARED_SELECTOR = YES;
				GCC_WARN_UNINITIALIZED_AUTOS = YES_AGGRESSIVE;
				GCC_WARN_UNUSED_FUNCTION = YES;
				GCC_WARN_UNUSED_VARIABLE = YES;
				IPHONEOS_DEPLOYMENT_TARGET = 15.2;
				MTL_ENABLE_DEBUG_INFO = INCLUDE_SOURCE;
				MTL_FAST_MATH = YES;
				ONLY_ACTIVE_ARCH = YES;
				SDKROOT = iphoneos;
				SWIFT_ACTIVE_COMPILATION_CONDITIONS = DEBUG;
				SWIFT_OPTIMIZATION_LEVEL = "-Onone";
			};
			name = Debug;
		};
		B530F5732733CD5C00E322F1 /* Release */ = {
			isa = XCBuildConfiguration;
			buildSettings = {
				ALWAYS_SEARCH_USER_PATHS = NO;
				CLANG_ANALYZER_NONNULL = YES;
				CLANG_ANALYZER_NUMBER_OBJECT_CONVERSION = YES_AGGRESSIVE;
				CLANG_CXX_LANGUAGE_STANDARD = "gnu++17";
				CLANG_CXX_LIBRARY = "libc++";
				CLANG_ENABLE_MODULES = YES;
				CLANG_ENABLE_OBJC_ARC = YES;
				CLANG_ENABLE_OBJC_WEAK = YES;
				CLANG_WARN_BLOCK_CAPTURE_AUTORELEASING = YES;
				CLANG_WARN_BOOL_CONVERSION = YES;
				CLANG_WARN_COMMA = YES;
				CLANG_WARN_CONSTANT_CONVERSION = YES;
				CLANG_WARN_DEPRECATED_OBJC_IMPLEMENTATIONS = YES;
				CLANG_WARN_DIRECT_OBJC_ISA_USAGE = YES_ERROR;
				CLANG_WARN_DOCUMENTATION_COMMENTS = YES;
				CLANG_WARN_EMPTY_BODY = YES;
				CLANG_WARN_ENUM_CONVERSION = YES;
				CLANG_WARN_INFINITE_RECURSION = YES;
				CLANG_WARN_INT_CONVERSION = YES;
				CLANG_WARN_NON_LITERAL_NULL_CONVERSION = YES;
				CLANG_WARN_OBJC_IMPLICIT_RETAIN_SELF = YES;
				CLANG_WARN_OBJC_LITERAL_CONVERSION = YES;
				CLANG_WARN_OBJC_ROOT_CLASS = YES_ERROR;
				CLANG_WARN_QUOTED_INCLUDE_IN_FRAMEWORK_HEADER = YES;
				CLANG_WARN_RANGE_LOOP_ANALYSIS = YES;
				CLANG_WARN_STRICT_PROTOTYPES = YES;
				CLANG_WARN_SUSPICIOUS_MOVE = YES;
				CLANG_WARN_UNGUARDED_AVAILABILITY = YES_AGGRESSIVE;
				CLANG_WARN_UNREACHABLE_CODE = YES;
				CLANG_WARN__DUPLICATE_METHOD_MATCH = YES;
				COPY_PHASE_STRIP = NO;
				DEBUG_INFORMATION_FORMAT = "dwarf-with-dsym";
				ENABLE_NS_ASSERTIONS = NO;
				ENABLE_STRICT_OBJC_MSGSEND = YES;
				GCC_C_LANGUAGE_STANDARD = gnu11;
				GCC_NO_COMMON_BLOCKS = YES;
				GCC_WARN_64_TO_32_BIT_CONVERSION = YES;
				GCC_WARN_ABOUT_RETURN_TYPE = YES_ERROR;
				GCC_WARN_UNDECLARED_SELECTOR = YES;
				GCC_WARN_UNINITIALIZED_AUTOS = YES_AGGRESSIVE;
				GCC_WARN_UNUSED_FUNCTION = YES;
				GCC_WARN_UNUSED_VARIABLE = YES;
				IPHONEOS_DEPLOYMENT_TARGET = 15.2;
				MTL_ENABLE_DEBUG_INFO = NO;
				MTL_FAST_MATH = YES;
				SDKROOT = iphoneos;
				SWIFT_COMPILATION_MODE = wholemodule;
				SWIFT_OPTIMIZATION_LEVEL = "-O";
				VALIDATE_PRODUCT = YES;
			};
			name = Release;
		};
		B530F5752733CD5C00E322F1 /* Debug */ = {
			isa = XCBuildConfiguration;
			buildSettings = {
				ASSETCATALOG_COMPILER_APPICON_NAME = AppIcon;
				ASSETCATALOG_COMPILER_GLOBAL_ACCENT_COLOR_NAME = AccentColor;
				CODE_SIGN_STYLE = Automatic;
				CURRENT_PROJECT_VERSION = 1;
				DEVELOPMENT_ASSET_PATHS = "\"SwiftUITest/Preview Content\"";
				DEVELOPMENT_TEAM = "";
				ENABLE_PREVIEWS = YES;
				GENERATE_INFOPLIST_FILE = YES;
				INFOPLIST_KEY_UIApplicationSceneManifest_Generation = YES;
				INFOPLIST_KEY_UIApplicationSupportsIndirectInputEvents = YES;
				INFOPLIST_KEY_UILaunchScreen_Generation = YES;
				INFOPLIST_KEY_UISupportedInterfaceOrientations_iPad = "UIInterfaceOrientationPortrait UIInterfaceOrientationPortraitUpsideDown UIInterfaceOrientationLandscapeLeft UIInterfaceOrientationLandscapeRight";
				INFOPLIST_KEY_UISupportedInterfaceOrientations_iPhone = "UIInterfaceOrientationPortrait UIInterfaceOrientationLandscapeLeft UIInterfaceOrientationLandscapeRight";
				LD_RUNPATH_SEARCH_PATHS = (
					"$(inherited)",
					"@executable_path/Frameworks",
				);
				MARKETING_VERSION = 1.0;
				PRODUCT_NAME = KnockOffTikTok;
				SWIFT_EMIT_LOC_STRINGS = YES;
				SWIFT_VERSION = 5.0;
				TARGETED_DEVICE_FAMILY = 1;
			};
			name = Debug;
		};
		B530F5762733CD5C00E322F1 /* Release */ = {
			isa = XCBuildConfiguration;
			buildSettings = {
				ASSETCATALOG_COMPILER_APPICON_NAME = AppIcon;
				ASSETCATALOG_COMPILER_GLOBAL_ACCENT_COLOR_NAME = AccentColor;
				CODE_SIGN_STYLE = Automatic;
				CURRENT_PROJECT_VERSION = 1;
				DEVELOPMENT_ASSET_PATHS = "\"SwiftUITest/Preview Content\"";
				DEVELOPMENT_TEAM = "";
				ENABLE_PREVIEWS = YES;
				GENERATE_INFOPLIST_FILE = YES;
				INFOPLIST_KEY_UIApplicationSceneManifest_Generation = YES;
				INFOPLIST_KEY_UIApplicationSupportsIndirectInputEvents = YES;
				INFOPLIST_KEY_UILaunchScreen_Generation = YES;
				INFOPLIST_KEY_UISupportedInterfaceOrientations_iPad = "UIInterfaceOrientationPortrait UIInterfaceOrientationPortraitUpsideDown UIInterfaceOrientationLandscapeLeft UIInterfaceOrientationLandscapeRight";
				INFOPLIST_KEY_UISupportedInterfaceOrientations_iPhone = "UIInterfaceOrientationPortrait UIInterfaceOrientationLandscapeLeft UIInterfaceOrientationLandscapeRight";
				LD_RUNPATH_SEARCH_PATHS = (
					"$(inherited)",
					"@executable_path/Frameworks",
				);
				MARKETING_VERSION = 1.0;
				PRODUCT_NAME = KnockOffTikTok;
				SWIFT_EMIT_LOC_STRINGS = YES;
				SWIFT_VERSION = 5.0;
				TARGETED_DEVICE_FAMILY = 1;
			};
			name = Release;
		};
/* End XCBuildConfiguration section */

/* Begin XCConfigurationList section */
		B530F5612733CD5B00E322F1 /* Build configuration list for PBXProject "SwiftUITest" */ = {
			isa = XCConfigurationList;
			buildConfigurations = (
				B530F5722733CD5C00E322F1 /* Debug */,
				B530F5732733CD5C00E322F1 /* Release */,
			);
			defaultConfigurationIsVisible = 0;
			defaultConfigurationName = Release;
		};
		B530F5742733CD5C00E322F1 /* Build configuration list for PBXNativeTarget "SwiftUITest" */ = {
			isa = XCConfigurationList;
			buildConfigurations = (
				B530F5752733CD5C00E322F1 /* Debug */,
				B530F5762733CD5C00E322F1 /* Release */,
			);
			defaultConfigurationIsVisible = 0;
			defaultConfigurationName = Release;
		};
/* End XCConfigurationList section */
	};
	rootObject = B530F55E2733CD5B00E322F1 /* Project object */;
}
